
Microsoft Visual Studio Solution File, Format Version 12.00
# Visual Studio Version 17
VisualStudioVersion = 17.14.36327.8 d17.14
MinimumVisualStudioVersion = 10.0.40219.1
Project("{FAE04EC0-301F-11D3-BF4B-00C04F79EFBC}") = "MenuDigitalApi", "MenuDigitalApi\MenuDigitalApi.csproj", "{F547C00B-064F-43B3-906B-10793A0A1217}"
EndProject
Global
	GlobalSection(SolutionConfigurationPlatforms) = preSolution
		Debug|Any CPU = Debug|Any CPU
		Release|Any CPU = Release|Any CPU
	EndGlobalSection
	GlobalSection(ProjectConfigurationPlatforms) = postSolution
		{F547C00B-064F-43B3-906B-10793A0A1217}.Debug|Any CPU.ActiveCfg = Debug|Any CPU
		{F547C00B-064F-43B3-906B-10793A0A1217}.Debug|Any CPU.Build.0 = Debug|Any CPU
		{F547C00B-064F-43B3-906B-10793A0A1217}.Release|Any CPU.ActiveCfg = Release|Any CPU
		{F547C00B-064F-43B3-906B-10793A0A1217}.Release|Any CPU.Build.0 = Release|Any CPU
	EndGlobalSection
	GlobalSection(SolutionProperties) = preSolution
		HideSolutionNode = FALSE
	EndGlobalSection
	GlobalSection(ExtensibilityGlobals) = postSolution
		SolutionGuid = {D58BD2C9-A3DB-4772-AA0B-796AF71325F4}
	EndGlobalSection
EndGlobal
